
Microsoft Visual Studio Solution File, Format Version 12.00
# Visual Studio Version 16
VisualStudioVersion = 16.0.30523.141
MinimumVisualStudioVersion = 10.0.40219.1
Project("{FAE04EC0-301F-11D3-BF4B-00C04F79EFBC}") = "VHODNO", "VHODNO\VHODNO.csproj", "{0AEC0D83-9706-4046-A04F-EB197C5B701E}"
EndProject
Global
	GlobalSection(SolutionConfigurationPlatforms) = preSolution
		Debug|Any CPU = Debug|Any CPU
		Release|Any CPU = Release|Any CPU
	EndGlobalSection
	GlobalSection(ProjectConfigurationPlatforms) = postSolution
		{0AEC0D83-9706-4046-A04F-EB197C5B701E}.Debug|Any CPU.ActiveCfg = Debug|Any CPU
		{0AEC0D83-9706-4046-A04F-EB197C5B701E}.Debug|Any CPU.Build.0 = Debug|Any CPU
		{0AEC0D83-9706-4046-A04F-EB197C5B701E}.Release|Any CPU.ActiveCfg = Release|Any CPU
		{0AEC0D83-9706-4046-A04F-EB197C5B701E}.Release|Any CPU.Build.0 = Release|Any CPU
	EndGlobalSection
	GlobalSection(SolutionProperties) = preSolution
		HideSolutionNode = FALSE
	EndGlobalSection
	GlobalSection(ExtensibilityGlobals) = postSolution
		SolutionGuid = {60D4313A-BAE1-4BCA-AB54-0329DC0E0865}
	EndGlobalSection
EndGlobal
